// !$*UTF8*$!
{
	archiveVersion = 1;
	classes = {
	};
	objectVersion = 56;
	objects = {

/* Begin PBXBuildFile section */
		B25E30962BA57305005F65D5 /* StandByNotiApp.swift in Sources */ = {isa = PBXBuildFile; fileRef = B25E30952BA57305005F65D5 /* StandByNotiApp.swift */; };
		B25E30982BA57305005F65D5 /* ContentView.swift in Sources */ = {isa = PBXBuildFile; fileRef = B25E30972BA57305005F65D5 /* ContentView.swift */; };
		B25E309A2BA57307005F65D5 /* Assets.xcassets in Resources */ = {isa = PBXBuildFile; fileRef = B25E30992BA57307005F65D5 /* Assets.xcassets */; };
		B25E309D2BA57307005F65D5 /* Preview Assets.xcassets in Resources */ = {isa = PBXBuildFile; fileRef = B25E309C2BA57307005F65D5 /* Preview Assets.xcassets */; };
		B25E30A72BA57307005F65D5 /* StandByNotiTests.swift in Sources */ = {isa = PBXBuildFile; fileRef = B25E30A62BA57307005F65D5 /* StandByNotiTests.swift */; };
		B25E30B12BA57307005F65D5 /* StandByNotiUITests.swift in Sources */ = {isa = PBXBuildFile; fileRef = B25E30B02BA57307005F65D5 /* StandByNotiUITests.swift */; };
		B25E30B32BA57307005F65D5 /* StandByNotiUITestsLaunchTests.swift in Sources */ = {isa = PBXBuildFile; fileRef = B25E30B22BA57307005F65D5 /* StandByNotiUITestsLaunchTests.swift */; };
		B25E30C32BA57A41005F65D5 /* NotificationWidgetView.swift in Sources */ = {isa = PBXBuildFile; fileRef = B25E30C22BA57A41005F65D5 /* NotificationWidgetView.swift */; };
/* End PBXBuildFile section */

/* Begin PBXContainerItemProxy section */
		B25E30A32BA57307005F65D5 /* PBXContainerItemProxy */ = {
			isa = PBXContainerItemProxy;
			containerPortal = B25E308A2BA57305005F65D5 /* Project object */;
			proxyType = 1;
			remoteGlobalIDString = B25E30912BA57305005F65D5;
			remoteInfo = StandByNoti;
		};
		B25E30AD2BA57307005F65D5 /* PBXContainerItemProxy */ = {
			isa = PBXContainerItemProxy;
			containerPortal = B25E308A2BA57305005F65D5 /* Project object */;
			proxyType = 1;
			remoteGlobalIDString = B25E30912BA57305005F65D5;
			remoteInfo = StandByNoti;
		};
/* End PBXContainerItemProxy section */

/* Begin PBXFileReference section */
		B25E30922BA57305005F65D5 /* StandByNoti.app */ = {isa = PBXFileReference; explicitFileType = wrapper.application; includeInIndex = 0; path = StandByNoti.app; sourceTree = BUILT_PRODUCTS_DIR; };
		B25E30952BA57305005F65D5 /* StandByNotiApp.swift */ = {isa = PBXFileReference; lastKnownFileType = sourcecode.swift; path = StandByNotiApp.swift; sourceTree = "<group>"; };
		B25E30972BA57305005F65D5 /* ContentView.swift */ = {isa = PBXFileReference; lastKnownFileType = sourcecode.swift; path = ContentView.swift; sourceTree = "<group>"; };
		B25E30992BA57307005F65D5 /* Assets.xcassets */ = {isa = PBXFileReference; lastKnownFileType = folder.assetcatalog; path = Assets.xcassets; sourceTree = "<group>"; };
		B25E309C2BA57307005F65D5 /* Preview Assets.xcassets */ = {isa = PBXFileReference; lastKnownFileType = folder.assetcatalog; path = "Preview Assets.xcassets"; sourceTree = "<group>"; };
		B25E30A22BA57307005F65D5 /* StandByNotiTests.xctest */ = {isa = PBXFileReference; explicitFileType = wrapper.cfbundle; includeInIndex = 0; path = StandByNotiTests.xctest; sourceTree = BUILT_PRODUCTS_DIR; };
		B25E30A62BA57307005F65D5 /* StandByNotiTests.swift */ = {isa = PBXFileReference; lastKnownFileType = sourcecode.swift; path = StandByNotiTests.swift; sourceTree = "<group>"; };
		B25E30AC2BA57307005F65D5 /* StandByNotiUITests.xctest */ = {isa = PBXFileReference; explicitFileType = wrapper.cfbundle; includeInIndex = 0; path = StandByNotiUITests.xctest; sourceTree = BUILT_PRODUCTS_DIR; };
		B25E30B02BA57307005F65D5 /* StandByNotiUITests.swift */ = {isa = PBXFileReference; lastKnownFileType = sourcecode.swift; path = StandByNotiUITests.swift; sourceTree = "<group>"; };
		B25E30B22BA57307005F65D5 /* StandByNotiUITestsLaunchTests.swift */ = {isa = PBXFileReference; lastKnownFileType = sourcecode.swift; path = StandByNotiUITestsLaunchTests.swift; sourceTree = "<group>"; };
		B25E30C22BA57A41005F65D5 /* NotificationWidgetView.swift */ = {isa = PBXFileReference; lastKnownFileType = sourcecode.swift; path = NotificationWidgetView.swift; sourceTree = "<group>"; };
/* End PBXFileReference section */

/* Begin PBXFrameworksBuildPhase section */
		B25E308F2BA57305005F65D5 /* Frameworks */ = {
			isa = PBXFrameworksBuildPhase;
			buildActionMask = 2147483647;
			files = (
			);
			runOnlyForDeploymentPostprocessing = 0;
		};
		B25E309F2BA57307005F65D5 /* Frameworks */ = {
			isa = PBXFrameworksBuildPhase;
			buildActionMask = 2147483647;
			files = (
			);
			runOnlyForDeploymentPostprocessing = 0;
		};
		B25E30A92BA57307005F65D5 /* Frameworks */ = {
			isa = PBXFrameworksBuildPhase;
			buildActionMask = 2147483647;
			files = (
			);
			runOnlyForDeploymentPostprocessing = 0;
		};
/* End PBXFrameworksBuildPhase section */

/* Begin PBXGroup section */
		B25E30892BA57305005F65D5 = {
			isa = PBXGroup;
			children = (
				B25E30942BA57305005F65D5 /* StandByNoti */,
				B25E30A52BA57307005F65D5 /* StandByNotiTests */,
				B25E30AF2BA57307005F65D5 /* StandByNotiUITests */,
				B25E30932BA57305005F65D5 /* Products */,
			);
			sourceTree = "<group>";
		};
		B25E30932BA57305005F65D5 /* Products */ = {
			isa = PBXGroup;
			children = (
				B25E30922BA57305005F65D5 /* StandByNoti.app */,
				B25E30A22BA57307005F65D5 /* StandByNotiTests.xctest */,
				B25E30AC2BA57307005F65D5 /* StandByNotiUITests.xctest */,
			);
			name = Products;
			sourceTree = "<group>";
		};
		B25E30942BA57305005F65D5 /* StandByNoti */ = {
			isa = PBXGroup;
			children = (
				B25E30C12BA57A25005F65D5 /* View */,
				B25E30952BA57305005F65D5 /* StandByNotiApp.swift */,
				B25E30972BA57305005F65D5 /* ContentView.swift */,
				B25E30992BA57307005F65D5 /* Assets.xcassets */,
				B25E309B2BA57307005F65D5 /* Preview Content */,
			);
			path = StandByNoti;
			sourceTree = "<group>";
		};
		B25E309B2BA57307005F65D5 /* Preview Content */ = {
			isa = PBXGroup;
			children = (
				B25E309C2BA57307005F65D5 /* Preview Assets.xcassets */,
			);
			path = "Preview Content";
			sourceTree = "<group>";
		};
		B25E30A52BA57307005F65D5 /* StandByNotiTests */ = {
			isa = PBXGroup;
			children = (
				B25E30A62BA57307005F65D5 /* StandByNotiTests.swift */,
			);
			path = StandByNotiTests;
			sourceTree = "<group>";
		};
		B25E30AF2BA57307005F65D5 /* StandByNotiUITests */ = {
			isa = PBXGroup;
			children = (
				B25E30B02BA57307005F65D5 /* StandByNotiUITests.swift */,
				B25E30B22BA57307005F65D5 /* StandByNotiUITestsLaunchTests.swift */,
			);
			path = StandByNotiUITests;
			sourceTree = "<group>";
		};
		B25E30C12BA57A25005F65D5 /* View */ = {
			isa = PBXGroup;
			children = (
				B25E30C22BA57A41005F65D5 /* NotificationWidgetView.swift */,
			);
			path = View;
			sourceTree = "<group>";
		};
/* End PBXGroup section */

/* Begin PBXNativeTarget section */
		B25E30912BA57305005F65D5 /* StandByNoti */ = {
			isa = PBXNativeTarget;
			buildConfigurationList = B25E30B62BA57307005F65D5 /* Build configuration list for PBXNativeTarget "StandByNoti" */;
			buildPhases = (
				B25E308E2BA57305005F65D5 /* Sources */,
				B25E308F2BA57305005F65D5 /* Frameworks */,
				B25E30902BA57305005F65D5 /* Resources */,
			);
			buildRules = (
			);
			dependencies = (
			);
			name = StandByNoti;
			productName = StandByNoti;
			productReference = B25E30922BA57305005F65D5 /* StandByNoti.app */;
			productType = "com.apple.product-type.application";
		};
		B25E30A12BA57307005F65D5 /* StandByNotiTests */ = {
			isa = PBXNativeTarget;
			buildConfigurationList = B25E30B92BA57307005F65D5 /* Build configuration list for PBXNativeTarget "StandByNotiTests" */;
			buildPhases = (
				B25E309E2BA57307005F65D5 /* Sources */,
				B25E309F2BA57307005F65D5 /* Frameworks */,
				B25E30A02BA57307005F65D5 /* Resources */,
			);
			buildRules = (
			);
			dependencies = (
				B25E30A42BA57307005F65D5 /* PBXTargetDependency */,
			);
			name = StandByNotiTests;
			productName = StandByNotiTests;
			productReference = B25E30A22BA57307005F65D5 /* StandByNotiTests.xctest */;
			productType = "com.apple.product-type.bundle.unit-test";
		};
		B25E30AB2BA57307005F65D5 /* StandByNotiUITests */ = {
			isa = PBXNativeTarget;
			buildConfigurationList = B25E30BC2BA57307005F65D5 /* Build configuration list for PBXNativeTarget "StandByNotiUITests" */;
			buildPhases = (
				B25E30A82BA57307005F65D5 /* Sources */,
				B25E30A92BA57307005F65D5 /* Frameworks */,
				B25E30AA2BA57307005F65D5 /* Resources */,
			);
			buildRules = (
			);
			dependencies = (
				B25E30AE2BA57307005F65D5 /* PBXTargetDependency */,
			);
			name = StandByNotiUITests;
			productName = StandByNotiUITests;
			productReference = B25E30AC2BA57307005F65D5 /* StandByNotiUITests.xctest */;
			productType = "com.apple.product-type.bundle.ui-testing";
		};
/* End PBXNativeTarget section */

/* Begin PBXProject section */
		B25E308A2BA57305005F65D5 /* Project object */ = {
			isa = PBXProject;
			attributes = {
				BuildIndependentTargetsInParallel = 1;
				LastSwiftUpdateCheck = 1530;
				LastUpgradeCheck = 1530;
				TargetAttributes = {
					B25E30912BA57305005F65D5 = {
						CreatedOnToolsVersion = 15.3;
					};
					B25E30A12BA57307005F65D5 = {
						CreatedOnToolsVersion = 15.3;
						TestTargetID = B25E30912BA57305005F65D5;
					};
					B25E30AB2BA57307005F65D5 = {
						CreatedOnToolsVersion = 15.3;
						TestTargetID = B25E30912BA57305005F65D5;
					};
				};
			};
			buildConfigurationList = B25E308D2BA57305005F65D5 /* Build configuration list for PBXProject "StandByNoti" */;
			compatibilityVersion = "Xcode 14.0";
			developmentRegion = en;
			hasScannedForEncodings = 0;
			knownRegions = (
				en,
				Base,
			);
			mainGroup = B25E30892BA57305005F65D5;
			productRefGroup = B25E30932BA57305005F65D5 /* Products */;
			projectDirPath = "";
			projectRoot = "";
			targets = (
				B25E30912BA57305005F65D5 /* StandByNoti */,
				B25E30A12BA57307005F65D5 /* StandByNotiTests */,
				B25E30AB2BA57307005F65D5 /* StandByNotiUITests */,
			);
		};
/* End PBXProject section */

/* Begin PBXResourcesBuildPhase section */
		B25E30902BA57305005F65D5 /* Resources */ = {
			isa = PBXResourcesBuildPhase;
			buildActionMask = 2147483647;
			files = (
				B25E309D2BA57307005F65D5 /* Preview Assets.xcassets in Resources */,
				B25E309A2BA57307005F65D5 /* Assets.xcassets in Resources */,
			);
			runOnlyForDeploymentPostprocessing = 0;
		};
		B25E30A02BA57307005F65D5 /* Resources */ = {
			isa = PBXResourcesBuildPhase;
			buildActionMask = 2147483647;
			files = (
			);
			runOnlyForDeploymentPostprocessing = 0;
		};
		B25E30AA2BA57307005F65D5 /* Resources */ = {
			isa = PBXResourcesBuildPhase;
			buildActionMask = 2147483647;
			files = (
			);
			runOnlyForDeploymentPostprocessing = 0;
		};
/* End PBXResourcesBuildPhase section */

/* Begin PBXSourcesBuildPhase section */
		B25E308E2BA57305005F65D5 /* Sources */ = {
			isa = PBXSourcesBuildPhase;
			buildActionMask = 2147483647;
			files = (
				B25E30982BA57305005F65D5 /* ContentView.swift in Sources */,
				B25E30C32BA57A41005F65D5 /* NotificationWidgetView.swift in Sources */,
				B25E30962BA57305005F65D5 /* StandByNotiApp.swift in Sources */,
			);
			runOnlyForDeploymentPostprocessing = 0;
		};
		B25E309E2BA57307005F65D5 /* Sources */ = {
			isa = PBXSourcesBuildPhase;
			buildActionMask = 2147483647;
			files = (
				B25E30A72BA57307005F65D5 /* StandByNotiTests.swift in Sources */,
			);
			runOnlyForDeploymentPostprocessing = 0;
		};
		B25E30A82BA57307005F65D5 /* Sources */ = {
			isa = PBXSourcesBuildPhase;
			buildActionMask = 2147483647;
			files = (
				B25E30B32BA57307005F65D5 /* StandByNotiUITestsLaunchTests.swift in Sources */,
				B25E30B12BA57307005F65D5 /* StandByNotiUITests.swift in Sources */,
			);
			runOnlyForDeploymentPostprocessing = 0;
		};
/* End PBXSourcesBuildPhase section */

/* Begin PBXTargetDependency section */
		B25E30A42BA57307005F65D5 /* PBXTargetDependency */ = {
			isa = PBXTargetDependency;
			target = B25E30912BA57305005F65D5 /* StandByNoti */;
			targetProxy = B25E30A32BA57307005F65D5 /* PBXContainerItemProxy */;
		};
		B25E30AE2BA57307005F65D5 /* PBXTargetDependency */ = {
			isa = PBXTargetDependency;
			target = B25E30912BA57305005F65D5 /* StandByNoti */;
			targetProxy = B25E30AD2BA57307005F65D5 /* PBXContainerItemProxy */;
		};
/* End PBXTargetDependency section */

/* Begin XCBuildConfiguration section */
		B25E30B42BA57307005F65D5 /* Debug */ = {
			isa = XCBuildConfiguration;
			buildSettings = {
				ALWAYS_SEARCH_USER_PATHS = NO;
				ASSETCATALOG_COMPILER_GENERATE_SWIFT_ASSET_SYMBOL_EXTENSIONS = YES;
				CLANG_ANALYZER_NONNULL = YES;
				CLANG_ANALYZER_NUMBER_OBJECT_CONVERSION = YES_AGGRESSIVE;
				CLANG_CXX_LANGUAGE_STANDARD = "gnu++20";
				CLANG_ENABLE_MODULES = YES;
				CLANG_ENABLE_OBJC_ARC = YES;
				CLANG_ENABLE_OBJC_WEAK = YES;
				CLANG_WARN_BLOCK_CAPTURE_AUTORELEASING = YES;
				CLANG_WARN_BOOL_CONVERSION = YES;
				CLANG_WARN_COMMA = YES;
				CLANG_WARN_CONSTANT_CONVERSION = YES;
				CLANG_WARN_DEPRECATED_OBJC_IMPLEMENTATIONS = YES;
				CLANG_WARN_DIRECT_OBJC_ISA_USAGE = YES_ERROR;
				CLANG_WARN_DOCUMENTATION_COMMENTS = YES;
				CLANG_WARN_EMPTY_BODY = YES;
				CLANG_WARN_ENUM_CONVERSION = YES;
				CLANG_WARN_INFINITE_RECURSION = YES;
				CLANG_WARN_INT_CONVERSION = YES;
				CLANG_WARN_NON_LITERAL_NULL_CONVERSION = YES;
				CLANG_WARN_OBJC_IMPLICIT_RETAIN_SELF = YES;
				CLANG_WARN_OBJC_LITERAL_CONVERSION = YES;
				CLANG_WARN_OBJC_ROOT_CLASS = YES_ERROR;
				CLANG_WARN_QUOTED_INCLUDE_IN_FRAMEWORK_HEADER = YES;
				CLANG_WARN_RANGE_LOOP_ANALYSIS = YES;
				CLANG_WARN_STRICT_PROTOTYPES = YES;
				CLANG_WARN_SUSPICIOUS_MOVE = YES;
				CLANG_WARN_UNGUARDED_AVAILABILITY = YES_AGGRESSIVE;
				CLANG_WARN_UNREACHABLE_CODE = YES;
				CLANG_WARN__DUPLICATE_METHOD_MATCH = YES;
				COPY_PHASE_STRIP = NO;
				DEBUG_INFORMATION_FORMAT = dwarf;
				ENABLE_STRICT_OBJC_MSGSEND = YES;
				ENABLE_TESTABILITY = YES;
				ENABLE_USER_SCRIPT_SANDBOXING = YES;
				GCC_C_LANGUAGE_STANDARD = gnu17;
				GCC_DYNAMIC_NO_PIC = NO;
				GCC_NO_COMMON_BLOCKS = YES;
				GCC_OPTIMIZATION_LEVEL = 0;
				GCC_PREPROCESSOR_DEFINITIONS = (
					"DEBUG=1",
					"$(inherited)",
				);
				GCC_WARN_64_TO_32_BIT_CONVERSION = YES;
				GCC_WARN_ABOUT_RETURN_TYPE = YES_ERROR;
				GCC_WARN_UNDECLARED_SELECTOR = YES;
				GCC_WARN_UNINITIALIZED_AUTOS = YES_AGGRESSIVE;
				GCC_WARN_UNUSED_FUNCTION = YES;
				GCC_WARN_UNUSED_VARIABLE = YES;
				IPHONEOS_DEPLOYMENT_TARGET = 17.4;
				LOCALIZATION_PREFERS_STRING_CATALOGS = YES;
				MTL_ENABLE_DEBUG_INFO = INCLUDE_SOURCE;
				MTL_FAST_MATH = YES;
				ONLY_ACTIVE_ARCH = YES;
				SDKROOT = iphoneos;
				SWIFT_ACTIVE_COMPILATION_CONDITIONS = "DEBUG $(inherited)";
				SWIFT_OPTIMIZATION_LEVEL = "-Onone";
			};
			name = Debug;
		};
		B25E30B52BA57307005F65D5 /* Release */ = {
			isa = XCBuildConfiguration;
			buildSettings = {
				ALWAYS_SEARCH_USER_PATHS = NO;
				ASSETCATALOG_COMPILER_GENERATE_SWIFT_ASSET_SYMBOL_EXTENSIONS = YES;
				CLANG_ANALYZER_NONNULL = YES;
				CLANG_ANALYZER_NUMBER_OBJECT_CONVERSION = YES_AGGRESSIVE;
				CLANG_CXX_LANGUAGE_STANDARD = "gnu++20";
				CLANG_ENABLE_MODULES = YES;
				CLANG_ENABLE_OBJC_ARC = YES;
				CLANG_ENABLE_OBJC_WEAK = YES;
				CLANG_WARN_BLOCK_CAPTURE_AUTORELEASING = YES;
				CLANG_WARN_BOOL_CONVERSION = YES;
				CLANG_WARN_COMMA = YES;
				CLANG_WARN_CONSTANT_CONVERSION = YES;
				CLANG_WARN_DEPRECATED_OBJC_IMPLEMENTATIONS = YES;
				CLANG_WARN_DIRECT_OBJC_ISA_USAGE = YES_ERROR;
				CLANG_WARN_DOCUMENTATION_COMMENTS = YES;
				CLANG_WARN_EMPTY_BODY = YES;
				CLANG_WARN_ENUM_CONVERSION = YES;
				CLANG_WARN_INFINITE_RECURSION = YES;
				CLANG_WARN_INT_CONVERSION = YES;
				CLANG_WARN_NON_LITERAL_NULL_CONVERSION = YES;
				CLANG_WARN_OBJC_IMPLICIT_RETAIN_SELF = YES;
				CLANG_WARN_OBJC_LITERAL_CONVERSION = YES;
				CLANG_WARN_OBJC_ROOT_CLASS = YES_ERROR;
				CLANG_WARN_QUOTED_INCLUDE_IN_FRAMEWORK_HEADER = YES;
				CLANG_WARN_RANGE_LOOP_ANALYSIS = YES;
				CLANG_WARN_STRICT_PROTOTYPES = YES;
				CLANG_WARN_SUSPICIOUS_MOVE = YES;
				CLANG_WARN_UNGUARDED_AVAILABILITY = YES_AGGRESSIVE;
				CLANG_WARN_UNREACHABLE_CODE = YES;
				CLANG_WARN__DUPLICATE_METHOD_MATCH = YES;
				COPY_PHASE_STRIP = NO;
				DEBUG_INFORMATION_FORMAT = "dwarf-with-dsym";
				ENABLE_NS_ASSERTIONS = NO;
				ENABLE_STRICT_OBJC_MSGSEND = YES;
				ENABLE_USER_SCRIPT_SANDBOXING = YES;
				GCC_C_LANGUAGE_STANDARD = gnu17;
				GCC_NO_COMMON_BLOCKS = YES;
				GCC_WARN_64_TO_32_BIT_CONVERSION = YES;
				GCC_WARN_ABOUT_RETURN_TYPE = YES_ERROR;
				GCC_WARN_UNDECLARED_SELECTOR = YES;
				GCC_WARN_UNINITIALIZED_AUTOS = YES_AGGRESSIVE;
				GCC_WARN_UNUSED_FUNCTION = YES;
				GCC_WARN_UNUSED_VARIABLE = YES;
				IPHONEOS_DEPLOYMENT_TARGET = 17.4;
				LOCALIZATION_PREFERS_STRING_CATALOGS = YES;
				MTL_ENABLE_DEBUG_INFO = NO;
				MTL_FAST_MATH = YES;
				SDKROOT = iphoneos;
				SWIFT_COMPILATION_MODE = wholemodule;
				VALIDATE_PRODUCT = YES;
			};
			name = Release;
		};
		B25E30B72BA57307005F65D5 /* Debug */ = {
			isa = XCBuildConfiguration;
			buildSettings = {
				ASSETCATALOG_COMPILER_APPICON_NAME = AppIcon;
				ASSETCATALOG_COMPILER_GLOBAL_ACCENT_COLOR_NAME = AccentColor;
				CODE_SIGN_STYLE = Automatic;
				CURRENT_PROJECT_VERSION = 1;
				DEVELOPMENT_ASSET_PATHS = "\"StandByNoti/Preview Content\"";
				ENABLE_PREVIEWS = YES;
				GENERATE_INFOPLIST_FILE = YES;
				INFOPLIST_KEY_UIApplicationSceneManifest_Generation = YES;
				INFOPLIST_KEY_UIApplicationSupportsIndirectInputEvents = YES;
				INFOPLIST_KEY_UILaunchScreen_Generation = YES;
				INFOPLIST_KEY_UISupportedInterfaceOrientations_iPad = "UIInterfaceOrientationPortrait UIInterfaceOrientationPortraitUpsideDown UIInterfaceOrientationLandscapeLeft UIInterfaceOrientationLandscapeRight";
				INFOPLIST_KEY_UISupportedInterfaceOrientations_iPhone = "UIInterfaceOrientationPortrait UIInterfaceOrientationLandscapeLeft UIInterfaceOrientationLandscapeRight";
				LD_RUNPATH_SEARCH_PATHS = (
					"$(inherited)",
					"@executable_path/Frameworks",
				);
				MARKETING_VERSION = 1.0;
				PRODUCT_BUNDLE_IDENTIFIER = com.inho.StandByNoti;
				PRODUCT_NAME = "$(TARGET_NAME)";
				SWIFT_EMIT_LOC_STRINGS = YES;
				SWIFT_VERSION = 5.0;
				TARGETED_DEVICE_FAMILY = "1,2";
			};
			name = Debug;
		};
		B25E30B82BA57307005F65D5 /* Release */ = {
			isa = XCBuildConfiguration;
			buildSettings = {
				ASSETCATALOG_COMPILER_APPICON_NAME = AppIcon;
				ASSETCATALOG_COMPILER_GLOBAL_ACCENT_COLOR_NAME = AccentColor;
				CODE_SIGN_STYLE = Automatic;
				CURRENT_PROJECT_VERSION = 1;
				DEVELOPMENT_ASSET_PATHS = "\"StandByNoti/Preview Content\"";
				ENABLE_PREVIEWS = YES;
				GENERATE_INFOPLIST_FILE = YES;
				INFOPLIST_KEY_UIApplicationSceneManifest_Generation = YES;
				INFOPLIST_KEY_UIApplicationSupportsIndirectInputEvents = YES;
				INFOPLIST_KEY_UILaunchScreen_Generation = YES;
				INFOPLIST_KEY_UISupportedInterfaceOrientations_iPad = "UIInterfaceOrientationPortrait UIInterfaceOrientationPortraitUpsideDown UIInterfaceOrientationLandscapeLeft UIInterfaceOrientationLandscapeRight";
				INFOPLIST_KEY_UISupportedInterfaceOrientations_iPhone = "UIInterfaceOrientationPortrait UIInterfaceOrientationLandscapeLeft UIInterfaceOrientationLandscapeRight";
				LD_RUNPATH_SEARCH_PATHS = (
					"$(inherited)",
					"@executable_path/Frameworks",
				);
				MARKETING_VERSION = 1.0;
				PRODUCT_BUNDLE_IDENTIFIER = com.inho.StandByNoti;
				PRODUCT_NAME = "$(TARGET_NAME)";
				SWIFT_EMIT_LOC_STRINGS = YES;
				SWIFT_VERSION = 5.0;
				TARGETED_DEVICE_FAMILY = "1,2";
			};
			name = Release;
		};
		B25E30BA2BA57307005F65D5 /* Debug */ = {
			isa = XCBuildConfiguration;
			buildSettings = {
				ALWAYS_EMBED_SWIFT_STANDARD_LIBRARIES = YES;
				BUNDLE_LOADER = "$(TEST_HOST)";
				CODE_SIGN_STYLE = Automatic;
				CURRENT_PROJECT_VERSION = 1;
				GENERATE_INFOPLIST_FILE = YES;
				IPHONEOS_DEPLOYMENT_TARGET = 17.4;
				MARKETING_VERSION = 1.0;
				PRODUCT_BUNDLE_IDENTIFIER = com.inho.StandByNotiTests;
				PRODUCT_NAME = "$(TARGET_NAME)";
				SWIFT_EMIT_LOC_STRINGS = NO;
				SWIFT_VERSION = 5.0;
				TARGETED_DEVICE_FAMILY = "1,2";
				TEST_HOST = "$(BUILT_PRODUCTS_DIR)/StandByNoti.app/$(BUNDLE_EXECUTABLE_FOLDER_PATH)/StandByNoti";
			};
			name = Debug;
		};
		B25E30BB2BA57307005F65D5 /* Release */ = {
			isa = XCBuildConfiguration;
			buildSettings = {
				ALWAYS_EMBED_SWIFT_STANDARD_LIBRARIES = YES;
				BUNDLE_LOADER = "$(TEST_HOST)";
				CODE_SIGN_STYLE = Automatic;
				CURRENT_PROJECT_VERSION = 1;
				GENERATE_INFOPLIST_FILE = YES;
				IPHONEOS_DEPLOYMENT_TARGET = 17.4;
				MARKETING_VERSION = 1.0;
				PRODUCT_BUNDLE_IDENTIFIER = com.inho.StandByNotiTests;
				PRODUCT_NAME = "$(TARGET_NAME)";
				SWIFT_EMIT_LOC_STRINGS = NO;
				SWIFT_VERSION = 5.0;
				TARGETED_DEVICE_FAMILY = "1,2";
				TEST_HOST = "$(BUILT_PRODUCTS_DIR)/StandByNoti.app/$(BUNDLE_EXECUTABLE_FOLDER_PATH)/StandByNoti";
			};
			name = Release;
		};
		B25E30BD2BA57307005F65D5 /* Debug */ = {
			isa = XCBuildConfiguration;
			buildSettings = {
				ALWAYS_EMBED_SWIFT_STANDARD_LIBRARIES = YES;
				CODE_SIGN_STYLE = Automatic;
				CURRENT_PROJECT_VERSION = 1;
				GENERATE_INFOPLIST_FILE = YES;
				MARKETING_VERSION = 1.0;
				PRODUCT_BUNDLE_IDENTIFIER = com.inho.StandByNotiUITests;
				PRODUCT_NAME = "$(TARGET_NAME)";
				SWIFT_EMIT_LOC_STRINGS = NO;
				SWIFT_VERSION = 5.0;
				TARGETED_DEVICE_FAMILY = "1,2";
				TEST_TARGET_NAME = StandByNoti;
			};
			name = Debug;
		};
		B25E30BE2BA57307005F65D5 /* Release */ = {
			isa = XCBuildConfiguration;
			buildSettings = {
				ALWAYS_EMBED_SWIFT_STANDARD_LIBRARIES = YES;
				CODE_SIGN_STYLE = Automatic;
				CURRENT_PROJECT_VERSION = 1;
				GENERATE_INFOPLIST_FILE = YES;
				MARKETING_VERSION = 1.0;
				PRODUCT_BUNDLE_IDENTIFIER = com.inho.StandByNotiUITests;
				PRODUCT_NAME = "$(TARGET_NAME)";
				SWIFT_EMIT_LOC_STRINGS = NO;
				SWIFT_VERSION = 5.0;
				TARGETED_DEVICE_FAMILY = "1,2";
				TEST_TARGET_NAME = StandByNoti;
			};
			name = Release;
		};
/* End XCBuildConfiguration section */

/* Begin XCConfigurationList section */
		B25E308D2BA57305005F65D5 /* Build configuration list for PBXProject "StandByNoti" */ = {
			isa = XCConfigurationList;
			buildConfigurations = (
				B25E30B42BA57307005F65D5 /* Debug */,
				B25E30B52BA57307005F65D5 /* Release */,
			);
			defaultConfigurationIsVisible = 0;
			defaultConfigurationName = Release;
		};
		B25E30B62BA57307005F65D5 /* Build configuration list for PBXNativeTarget "StandByNoti" */ = {
			isa = XCConfigurationList;
			buildConfigurations = (
				B25E30B72BA57307005F65D5 /* Debug */,
				B25E30B82BA57307005F65D5 /* Release */,
			);
			defaultConfigurationIsVisible = 0;
			defaultConfigurationName = Release;
		};
		B25E30B92BA57307005F65D5 /* Build configuration list for PBXNativeTarget "StandByNotiTests" */ = {
			isa = XCConfigurationList;
			buildConfigurations = (
				B25E30BA2BA57307005F65D5 /* Debug */,
				B25E30BB2BA57307005F65D5 /* Release */,
			);
			defaultConfigurationIsVisible = 0;
			defaultConfigurationName = Release;
		};
		B25E30BC2BA57307005F65D5 /* Build configuration list for PBXNativeTarget "StandByNotiUITests" */ = {
			isa = XCConfigurationList;
			buildConfigurations = (
				B25E30BD2BA57307005F65D5 /* Debug */,
				B25E30BE2BA57307005F65D5 /* Release */,
			);
			defaultConfigurationIsVisible = 0;
			defaultConfigurationName = Release;
		};
/* End XCConfigurationList section */
	};
	rootObject = B25E308A2BA57305005F65D5 /* Project object */;
}
